// !$*UTF8*$!
{
	archiveVersion = 1;
	classes = {
	};
	objectVersion = 46;
	objects = {

/* Begin PBXBuildFile section */
		3595ED3A1F2099DA00EB0F29 /* main.cpp in Sources */ = {isa = PBXBuildFile; fileRef = 3595ED391F2099DA00EB0F29 /* main.cpp */; };
/* End PBXBuildFile section */

/* Begin PBXCopyFilesBuildPhase section */
		3595ED341F2099DA00EB0F29 /* CopyFiles */ = {
			isa = PBXCopyFilesBuildPhase;
			buildActionMask = 2147483647;
			dstPath = /usr/share/man/man1/;
			dstSubfolderSpec = 0;
			files = (
			);
			runOnlyForDeploymentPostprocessing = 1;
		};
/* End PBXCopyFilesBuildPhase section */

/* Begin PBXFileReference section */
		3595ED361F2099DA00EB0F29 /* Simulate galaxy */ = {isa = PBXFileReference; explicitFileType = "compiled.mach-o.executable"; includeInIndex = 0; path = "Simulate galaxy"; sourceTree = BUILT_PRODUCTS_DIR; };
		3595ED391F2099DA00EB0F29 /* main.cpp */ = {isa = PBXFileReference; lastKnownFileType = sourcecode.cpp.cpp; path = main.cpp; sourceTree = "<group>"; };
/* End PBXFileReference section */

/* Begin PBXFrameworksBuildPhase section */
		3595ED331F2099DA00EB0F29 /* Frameworks */ = {
			isa = PBXFrameworksBuildPhase;
			buildActionMask = 2147483647;
			files = (
			);
			runOnlyForDeploymentPostprocessing = 0;
		};
/* End PBXFrameworksBuildPhase section */

/* Begin PBXGroup section */
		3595ED2D1F2099DA00EB0F29 = {
			isa = PBXGroup;
			children = (
				3595ED381F2099DA00EB0F29 /* Simulate galaxy */,
				3595ED371F2099DA00EB0F29 /* Products */,
			);
			sourceTree = "<group>";
		};
		3595ED371F2099DA00EB0F29 /* Products */ = {
			isa = PBXGroup;
			children = (
				3595ED361F2099DA00EB0F29 /* Simulate galaxy */,
			);
			name = Products;
			sourceTree = "<group>";
		};
		3595ED381F2099DA00EB0F29 /* Simulate galaxy */ = {
			isa = PBXGroup;
			children = (
				3595ED391F2099DA00EB0F29 /* main.cpp */,
			);
			path = "Simulate galaxy";
			sourceTree = "<group>";
		};
/* End PBXGroup section */

/* Begin PBXNativeTarget section */
		3595ED351F2099DA00EB0F29 /* Simulate galaxy */ = {
			isa = PBXNativeTarget;
			buildConfigurationList = 3595ED3D1F2099DA00EB0F29 /* Build configuration list for PBXNativeTarget "Simulate galaxy" */;
			buildPhases = (
				3595ED321F2099DA00EB0F29 /* Sources */,
				3595ED331F2099DA00EB0F29 /* Frameworks */,
				3595ED341F2099DA00EB0F29 /* CopyFiles */,
			);
			buildRules = (
			);
			dependencies = (
			);
			name = "Simulate galaxy";
			productName = "Simulate galaxy";
			productReference = 3595ED361F2099DA00EB0F29 /* Simulate galaxy */;
			productType = "com.apple.product-type.tool";
		};
/* End PBXNativeTarget section */

/* Begin PBXProject section */
		3595ED2E1F2099DA00EB0F29 /* Project object */ = {
			isa = PBXProject;
			attributes = {
				LastUpgradeCheck = 0830;
				ORGANIZATIONNAME = "Leon Kang";
				TargetAttributes = {
					3595ED351F2099DA00EB0F29 = {
						CreatedOnToolsVersion = 8.3.3;
						DevelopmentTeam = XX5K3QH3UW;
						ProvisioningStyle = Automatic;
					};
				};
			};
			buildConfigurationList = 3595ED311F2099DA00EB0F29 /* Build configuration list for PBXProject "Simulate galaxy" */;
			compatibilityVersion = "Xcode 3.2";
			developmentRegion = English;
			hasScannedForEncodings = 0;
			knownRegions = (
				en,
			);
			mainGroup = 3595ED2D1F2099DA00EB0F29;
			productRefGroup = 3595ED371F2099DA00EB0F29 /* Products */;
			projectDirPath = "";
			projectRoot = "";
			targets = (
				3595ED351F2099DA00EB0F29 /* Simulate galaxy */,
			);
		};
/* End PBXProject section */

/* Begin PBXSourcesBuildPhase section */
		3595ED321F2099DA00EB0F29 /* Sources */ = {
			isa = PBXSourcesBuildPhase;
			buildActionMask = 2147483647;
			files = (
				3595ED3A1F2099DA00EB0F29 /* main.cpp in Sources */,
			);
			runOnlyForDeploymentPostprocessing = 0;
		};
/* End PBXSourcesBuildPhase section */

/* Begin XCBuildConfiguration section */
		3595ED3B1F2099DA00EB0F29 /* Debug */ = {
			isa = XCBuildConfiguration;
			buildSettings = {
				ALWAYS_SEARCH_USER_PATHS = NO;
				CLANG_ANALYZER_NONNULL = YES;
				CLANG_ANALYZER_NUMBER_OBJECT_CONVERSION = YES_AGGRESSIVE;
				CLANG_CXX_LANGUAGE_STANDARD = "gnu++0x";
				CLANG_CXX_LIBRARY = "libc++";
				CLANG_ENABLE_MODULES = YES;
				CLANG_ENABLE_OBJC_ARC = YES;
				CLANG_WARN_BOOL_CONVERSION = YES;
				CLANG_WARN_CONSTANT_CONVERSION = YES;
				CLANG_WARN_DIRECT_OBJC_ISA_USAGE = YES_ERROR;
				CLANG_WARN_DOCUMENTATION_COMMENTS = YES;
				CLANG_WARN_EMPTY_BODY = YES;
				CLANG_WARN_ENUM_CONVERSION = YES;
				CLANG_WARN_INFINITE_RECURSION = YES;
				CLANG_WARN_INT_CONVERSION = YES;
				CLANG_WARN_OBJC_ROOT_CLASS = YES_ERROR;
				CLANG_WARN_SUSPICIOUS_MOVE = YES;
				CLANG_WARN_UNREACHABLE_CODE = YES;
				CLANG_WARN__DUPLICATE_METHOD_MATCH = YES;
				CODE_SIGN_IDENTITY = "-";
				COPY_PHASE_STRIP = NO;
				DEBUG_INFORMATION_FORMAT = dwarf;
				ENABLE_STRICT_OBJC_MSGSEND = YES;
				ENABLE_TESTABILITY = YES;
				GCC_C_LANGUAGE_STANDARD = gnu99;
				GCC_DYNAMIC_NO_PIC = NO;
				GCC_NO_COMMON_BLOCKS = YES;
				GCC_OPTIMIZATION_LEVEL = 0;
				GCC_PREPROCESSOR_DEFINITIONS = (
					"DEBUG=1",
					"$(inherited)",
				);
				GCC_WARN_64_TO_32_BIT_CONVERSION = YES;
				GCC_WARN_ABOUT_RETURN_TYPE = YES_ERROR;
				GCC_WARN_UNDECLARED_SELECTOR = YES;
				GCC_WARN_UNINITIALIZED_AUTOS = YES_AGGRESSIVE;
				GCC_WARN_UNUSED_FUNCTION = YES;
				GCC_WARN_UNUSED_VARIABLE = YES;
				MACOSX_DEPLOYMENT_TARGET = 10.12;
				MTL_ENABLE_DEBUG_INFO = YES;
				ONLY_ACTIVE_ARCH = YES;
				SDKROOT = macosx;
			};
			name = Debug;
		};
		3595ED3C1F2099DA00EB0F29 /* Release */ = {
			isa = XCBuildConfiguration;
			buildSettings = {
				ALWAYS_SEARCH_USER_PATHS = NO;
				CLANG_ANALYZER_NONNULL = YES;
				CLANG_ANALYZER_NUMBER_OBJECT_CONVERSION = YES_AGGRESSIVE;
				CLANG_CXX_LANGUAGE_STANDARD = "gnu++0x";
				CLANG_CXX_LIBRARY = "libc++";
				CLANG_ENABLE_MODULES = YES;
				CLANG_ENABLE_OBJC_ARC = YES;
				CLANG_WARN_BOOL_CONVERSION = YES;
				CLANG_WARN_CONSTANT_CONVERSION = YES;
				CLANG_WARN_DIRECT_OBJC_ISA_USAGE = YES_ERROR;
				CLANG_WARN_DOCUMENTATION_COMMENTS = YES;
				CLANG_WARN_EMPTY_BODY = YES;
				CLANG_WARN_ENUM_CONVERSION = YES;
				CLANG_WARN_INFINITE_RECURSION = YES;
				CLANG_WARN_INT_CONVERSION = YES;
				CLANG_WARN_OBJC_ROOT_CLASS = YES_ERROR;
				CLANG_WARN_SUSPICIOUS_MOVE = YES;
				CLANG_WARN_UNREACHABLE_CODE = YES;
				CLANG_WARN__DUPLICATE_METHOD_MATCH = YES;
				CODE_SIGN_IDENTITY = "-";
				COPY_PHASE_STRIP = NO;
				DEBUG_INFORMATION_FORMAT = "dwarf-with-dsym";
				ENABLE_NS_ASSERTIONS = NO;
				ENABLE_STRICT_OBJC_MSGSEND = YES;
				GCC_C_LANGUAGE_STANDARD = gnu99;
				GCC_NO_COMMON_BLOCKS = YES;
				GCC_WARN_64_TO_32_BIT_CONVERSION = YES;
				GCC_WARN_ABOUT_RETURN_TYPE = YES_ERROR;
				GCC_WARN_UNDECLARED_SELECTOR = YES;
				GCC_WARN_UNINITIALIZED_AUTOS = YES_AGGRESSIVE;
				GCC_WARN_UNUSED_FUNCTION = YES;
				GCC_WARN_UNUSED_VARIABLE = YES;
				MACOSX_DEPLOYMENT_TARGET = 10.12;
				MTL_ENABLE_DEBUG_INFO = NO;
				SDKROOT = macosx;
			};
			name = Release;
		};
		3595ED3E1F2099DA00EB0F29 /* Debug */ = {
			isa = XCBuildConfiguration;
			buildSettings = {
				DEVELOPMENT_TEAM = XX5K3QH3UW;
				PRODUCT_NAME = "$(TARGET_NAME)";
			};
			name = Debug;
		};
		3595ED3F1F2099DA00EB0F29 /* Release */ = {
			isa = XCBuildConfiguration;
			buildSettings = {
				DEVELOPMENT_TEAM = XX5K3QH3UW;
				PRODUCT_NAME = "$(TARGET_NAME)";
			};
			name = Release;
		};
/* End XCBuildConfiguration section */

/* Begin XCConfigurationList section */
		3595ED311F2099DA00EB0F29 /* Build configuration list for PBXProject "Simulate galaxy" */ = {
			isa = XCConfigurationList;
			buildConfigurations = (
				3595ED3B1F2099DA00EB0F29 /* Debug */,
				3595ED3C1F2099DA00EB0F29 /* Release */,
			);
			defaultConfigurationIsVisible = 0;
			defaultConfigurationName = Release;
		};
		3595ED3D1F2099DA00EB0F29 /* Build configuration list for PBXNativeTarget "Simulate galaxy" */ = {
			isa = XCConfigurationList;
			buildConfigurations = (
				3595ED3E1F2099DA00EB0F29 /* Debug */,
				3595ED3F1F2099DA00EB0F29 /* Release */,
			);
			defaultConfigurationIsVisible = 0;
		};
/* End XCConfigurationList section */
	};
	rootObject = 3595ED2E1F2099DA00EB0F29 /* Project object */;
}
